lockfileVersion: 5.4

specifiers:
  '@types/jquery': ^3.5.16
  pnpm: ^7.25.0
  typescript: ^4.9.4

dependencies:
  '@types/jquery': 3.5.16
  pnpm: 7.25.0

devDependencies:
  typescript: 4.9.4

packages:

  /@types/jquery/3.5.16:
    resolution: {integrity: sha512-bsI7y4ZgeMkmpG9OM710RRzDFp+w4P1RGiIt30C1mSBT+ExCleeh4HObwgArnDFELmRrOpXgSYN9VF1hj+f1lw==}
    dependencies:
      '@types/sizzle': 2.3.3
    dev: false

  /@types/sizzle/2.3.3:
    resolution: {integrity: sha512-JYM8x9EGF163bEyhdJBpR2QX1R5naCJHC8ucJylJ3w9/CVBaskdQ8WqBf8MmQrd1kRvp/a4TS8HJ+bxzR7ZJYQ==}
    dev: false

  /pnpm/7.25.0:
    resolution: {integrity: sha512-FGFQUON8kJ6ma39elJ8lyD8wPIfgp3opGJD9sX0TgIJk4zSr556qCgC8AN+3BFHe4yuRkEauf4JVLW2RKyyEcA==}
    engines: {node: '>=14.6'}
    hasBin: true
    dev: false

  /typescript/4.9.4:
    resolution: {integrity: sha512-Uz+dTXYzxXXbsFpM86Wh3dKCxrQqUcVMxwU54orwlJjOpO3ao8L7j5lH+dWfTwgCwIuM9GQ2kvVotzYJMXTBZg==}
    engines: {node: '>=4.2.0'}
    hasBin: true
    dev: true
